// !$*UTF8*$!
{
	archiveVersion = 1;
	classes = {};
	objectVersion = 77;
	objects = {
		000000000000000000000025 = { isa = PBXFileSystemSynchronizedRootGroup; exceptions = (000000000000000000000026); path = Frisket; sourceTree = SOURCE_ROOT; };
		000000000000000000000026 = { isa = PBXFileSystemSynchronizedBuildFileExceptionSet; membershipExceptions = (Info.plist, Frisket.entitlements); target = 000000000000000000000004; };
		000000000000000000000001 = { isa = PBXProject; attributes = { BuildIndependentTargetsInParallel = YES; LastUpgradeCheck = 2650; }; buildConfigurationList = 00000000000000000000000A; preferredProjectObjectVersion = 77; compatibilityVersion = "Xcode 16.0"; developmentRegion = en; knownRegions = (en, Base); mainGroup = 000000000000000000000002; productRefGroup = 000000000000000000000003; projectDirPath = ""; projectRoot = ""; packageReferences = (000000000000000000000027); targets = (000000000000000000000004, 00000000000000000000001F); };
		000000000000000000000002 = { isa = PBXGroup; children = (000000000000000000000025, 00000000000000000000001E, 000000000000000000000003); sourceTree = "<group>"; };
		000000000000000000000003 = { isa = PBXGroup; children = (000000000000000000000005, 000000000000000000000020); name = Products; sourceTree = "<group>"; };
		000000000000000000000004 = { isa = PBXNativeTarget; buildConfigurationList = 00000000000000000000000B; buildPhases = (000000000000000000000006, 000000000000000000000007, 000000000000000000000008, 00000000000000000000002B); buildRules = (); dependencies = (000000000000000000000021); fileSystemSynchronizedGroups = (000000000000000000000025); name = Frisket; productName = Frisket; productReference = 000000000000000000000005; productType = "com.apple.product-type.application"; };
		000000000000000000000005 = { isa = PBXFileReference; explicitFileType = wrapper.application; includeInIndex = 0; path = Frisket.app; sourceTree = BUILT_PRODUCTS_DIR; };
		000000000000000000000006 = { isa = PBXShellScriptBuildPhase; alwaysOutOfDate = 1; buildActionMask = 2147483647; files = (); inputPaths = (); outputPaths = (); name = "Reject Event Taps and Global Monitors"; runOnlyForDeploymentPostprocessing = 0; shellPath = /bin/sh; shellScript = "set -eu
/usr/bin/python3 \"$SRCROOT/Checks/check_repository.py\" --root \"$SRCROOT\" --check input-monitoring
"; };
		000000000000000000000007 = { isa = PBXSourcesBuildPhase; buildActionMask = 2147483647; files = (); runOnlyForDeploymentPostprocessing = 0; };
		000000000000000000000008 = { isa = PBXFrameworksBuildPhase; buildActionMask = 2147483647; files = (000000000000000000000016); runOnlyForDeploymentPostprocessing = 0; };
		00000000000000000000000A = { isa = XCConfigurationList; buildConfigurations = (00000000000000000000000C, 00000000000000000000002C); defaultConfigurationIsVisible = 0; defaultConfigurationName = Development; };
		00000000000000000000000B = { isa = XCConfigurationList; buildConfigurations = (00000000000000000000000D, 00000000000000000000002D); defaultConfigurationIsVisible = 0; defaultConfigurationName = Development; };
		00000000000000000000000C = { isa = XCBuildConfiguration; name = Development; buildSettings = { ARCHS = x86_64; ONLY_ACTIVE_ARCH = YES; SDKROOT = macosx26.5; MACOSX_DEPLOYMENT_TARGET = 26.0; SWIFT_VERSION = 6.0; CLANG_ENABLE_MODULES = YES; ENABLE_USER_SCRIPT_SANDBOXING = NO; }; };
		00000000000000000000000D = { isa = XCBuildConfiguration; name = Development; buildSettings = { PRODUCT_NAME = Frisket; PRODUCT_BUNDLE_IDENTIFIER = io.github.prateeksingh1092.frisket.debug; INFOPLIST_FILE = Frisket/Info.plist; GENERATE_INFOPLIST_FILE = NO; CODE_SIGN_STYLE = Manual; CODE_SIGN_IDENTITY = "Apple Development"; DEVELOPMENT_TEAM = 9M43Q952NK; CODE_SIGN_ENTITLEMENTS = Frisket/Frisket.entitlements; CODE_SIGN_INJECT_BASE_ENTITLEMENTS = NO; ENABLE_HARDENED_RUNTIME = YES; ENABLE_DEBUG_DYLIB = NO; ENABLE_APP_SANDBOX = NO; SWIFT_OPTIMIZATION_LEVEL = "-Onone"; DEBUG_INFORMATION_FORMAT = dwarf; LD_RUNPATH_SEARCH_PATHS = "$(inherited) @executable_path/../Frameworks"; }; };
		00000000000000000000002C = { isa = XCBuildConfiguration; name = Release; buildSettings = { ARCHS = "x86_64 arm64"; ONLY_ACTIVE_ARCH = NO; SDKROOT = macosx26.5; MACOSX_DEPLOYMENT_TARGET = 26.0; SWIFT_VERSION = 6.0; CLANG_ENABLE_MODULES = YES; ENABLE_USER_SCRIPT_SANDBOXING = NO; }; };
		00000000000000000000002D = { isa = XCBuildConfiguration; name = Release; buildSettings = { PRODUCT_NAME = Frisket; PRODUCT_BUNDLE_IDENTIFIER = io.github.prateeksingh1092.frisket; INFOPLIST_FILE = Frisket/Info.plist; GENERATE_INFOPLIST_FILE = NO; CODE_SIGN_STYLE = Manual; CODE_SIGN_IDENTITY = "Apple Development"; DEVELOPMENT_TEAM = 9M43Q952NK; CODE_SIGN_ENTITLEMENTS = Frisket/Frisket.entitlements; CODE_SIGN_INJECT_BASE_ENTITLEMENTS = NO; ENABLE_HARDENED_RUNTIME = YES; ENABLE_DEBUG_DYLIB = NO; ENABLE_APP_SANDBOX = NO; SWIFT_OPTIMIZATION_LEVEL = "-O"; DEBUG_INFORMATION_FORMAT = "dwarf-with-dsym"; LD_RUNPATH_SEARCH_PATHS = "$(inherited) @executable_path/../Frameworks"; }; };
		000000000000000000000016 = { isa = PBXBuildFile; fileRef = 000000000000000000000020; };
        00000000000000000000001E = { isa = PBXFileSystemSynchronizedRootGroup; path = Sources/FrisketCore; sourceTree = SOURCE_ROOT; };
        00000000000000000000001F = { isa = PBXNativeTarget; buildConfigurationList = 000000000000000000000022; buildPhases = (000000000000000000000024, 00000000000000000000002A); buildRules = (); dependencies = (); fileSystemSynchronizedGroups = (00000000000000000000001E); name = FrisketCore; packageProductDependencies = (000000000000000000000028); productName = FrisketCore; productReference = 000000000000000000000020; productType = "com.apple.product-type.library.static"; };
        000000000000000000000020 = { isa = PBXFileReference; explicitFileType = archive.ar; includeInIndex = 0; path = libFrisketCore.a; sourceTree = BUILT_PRODUCTS_DIR; };
        000000000000000000000021 = { isa = PBXTargetDependency; target = 00000000000000000000001F; };
        000000000000000000000022 = { isa = XCConfigurationList; buildConfigurations = (000000000000000000000023, 00000000000000000000002E); defaultConfigurationIsVisible = 0; defaultConfigurationName = Development; };
        000000000000000000000023 = { isa = XCBuildConfiguration; name = Development; buildSettings = { PRODUCT_NAME = FrisketCore; PRODUCT_MODULE_NAME = FrisketCore; DEFINES_MODULE = YES; SKIP_INSTALL = YES; SWIFT_INSTALL_OBJC_HEADER = NO; SWIFT_OPTIMIZATION_LEVEL = "-Onone"; }; };
        00000000000000000000002E = { isa = XCBuildConfiguration; name = Release; buildSettings = { PRODUCT_NAME = FrisketCore; PRODUCT_MODULE_NAME = FrisketCore; DEFINES_MODULE = YES; SKIP_INSTALL = YES; SWIFT_INSTALL_OBJC_HEADER = NO; SWIFT_OPTIMIZATION_LEVEL = "-O"; }; };
        000000000000000000000024 = { isa = PBXSourcesBuildPhase; buildActionMask = 2147483647; files = (); runOnlyForDeploymentPostprocessing = 0; };
        000000000000000000000027 = { isa = XCRemoteSwiftPackageReference; repositoryURL = "https://github.com/groue/GRDB.swift.git"; requirement = { kind = exactVersion; version = 7.11.1; }; };
        000000000000000000000028 = { isa = XCSwiftPackageProductDependency; package = 000000000000000000000027; productName = GRDB; };
        000000000000000000000029 = { isa = PBXBuildFile; productRef = 000000000000000000000028; };
        00000000000000000000002A = { isa = PBXFrameworksBuildPhase; buildActionMask = 2147483647; files = (000000000000000000000029); runOnlyForDeploymentPostprocessing = 0; };
        00000000000000000000002B = { isa = PBXShellScriptBuildPhase; alwaysOutOfDate = 1; buildActionMask = 2147483647; files = (); inputPaths = ("$(SRCROOT)/THIRD-PARTY-NOTICES.md"); outputPaths = ("$(TARGET_BUILD_DIR)/$(UNLOCALIZED_RESOURCES_FOLDER_PATH)/THIRD-PARTY-NOTICES.md"); name = "Copy Third-Party Notices"; runOnlyForDeploymentPostprocessing = 0; shellPath = /bin/sh; shellScript = "set -eu
mkdir -p \"$TARGET_BUILD_DIR/$UNLOCALIZED_RESOURCES_FOLDER_PATH\"
cp \"$SRCROOT/THIRD-PARTY-NOTICES.md\" \"$TARGET_BUILD_DIR/$UNLOCALIZED_RESOURCES_FOLDER_PATH/THIRD-PARTY-NOTICES.md\"
"; };
    };
    rootObject = 000000000000000000000001;
}
